{
  "nodes": {
    "agenix": {
      "inputs": {
        "nixpkgs": [
          "nixpkgs"
        ]
      },
      "locked": {
        "lastModified": 1790734419,
        "narHash": "sha256-n7wew722m1OTBT9DOIMxNX/NF4zfsSUABAO5eW3wikE=",
        "owner": "ryantm",
        "repo": "agenix",
        "rev": "3daa710894355fa2fad8243380af373a2b4046ef",
        "type": "github"
      },
      "original": {
        "owner": "ryantm",
        "repo": "agenix",
        "type": "github"
      }
    },
    "dank-qml-common": {
      "flake": false,
      "locked": {
        "lastModified": 1790974203,
        "narHash": "sha256-C2DAGa/NkSye4NaANuxxkSeNb4xX1g3gZBsKO5KRIzk=",
        "owner": "AvengeMedia",
        "repo": "dank-qml-common",
        "rev": "13470a9b545f4c2c2fb8f237db6de2b5f7c26b41",
        "type": "github"
      },
      "original": {
        "owner": "AvengeMedia",
        "repo": "dank-qml-common",
        "type": "github"
      }
    },
    "dms": {
      "inputs": {
        "dank-qml-common": "dank-qml-common",
        "flake-compat": "flake-compat",
        "nixpkgs": [
          "nixpkgs"
        ]
      },
      "locked": {
        "lastModified": 1791089731,
        "narHash": "sha256-Obl3ZlmJKR8fj/PmK9ETSDORecipt0cuifhWxfmnxuo=",
        "owner": "AvengeMedia",
        "repo": "DankMaterialShell",
        "rev": "b48fce0447e5ec943ff80775d66e2c47a0774cb3",
        "type": "github"
      },
      "original": {
        "owner": "AvengeMedia",
        "repo": "DankMaterialShell",
        "type": "github"
      }
    },
    "dms-plugin-registry": {
      "inputs": {
        "nixpkgs": [
          "nixpkgs"
        ]
      },
      "locked": {
        "lastModified": 1791084544,
        "narHash": "sha256-UKvwk+qPla7Mh234d3zw9kCz5ldwdoHcQ/9Ky71xfao=",
        "owner": "AvengeMedia",
        "repo": "dms-plugin-registry",
        "rev": "04944dd8a4136d5be976c115c3ded1d3868f0926",
        "type": "github"
      },
      "original": {
        "owner": "AvengeMedia",
        "repo": "dms-plugin-registry",
        "type": "github"
      }
    },
    "figma-appimage": {
      "flake": false,
      "locked": {
        "narHash": "sha256-TQTyVRZOz3ftUrtuwlJIKzAVGSEDTYjxD3h24TUZrS4=",
        "type": "file",
        "url": "https://github.com/IliyaBrook/figma-linux/releases/download/126.5.6/figma-desktop-126.5.6-amd64.AppImage"
      },
      "original": {
        "type": "file",
        "url": "https://github.com/IliyaBrook/figma-linux/releases/download/126.5.6/figma-desktop-126.5.6-amd64.AppImage"
      }
    },
    "figma-desktop": {
      "inputs": {
        "figma-appimage": "figma-appimage",
        "nixpkgs": [
          "nixpkgs"
        ]
      },
      "locked": {
        "lastModified": 1790903287,
        "narHash": "sha256-C3ZqC8mfpdxr6q/54JnTFodtoTsNlfCs5G0uF30fvZU=",
        "owner": "NAXLAB",
        "repo": "figma-desktop-flake",
        "rev": "ff8792d817d562b8394ac47c3278e907bcb6767c",
        "type": "github"
      },
      "original": {
        "owner": "NAXLAB",
        "repo": "figma-desktop-flake",
        "type": "github"
      }
    },
    "flake-compat": {
      "flake": false,
      "locked": {
        "lastModified": 1767039857,
        "narHash": "sha256-vNpUSpF5Nuw8xvDLj2KCwwksIbjua2LZCqhV1LNRDns=",
        "owner": "NixOS",
        "repo": "flake-compat",
        "rev": "5edf11c44bc78a0d334f6334cdaf7d60d732daab",
        "type": "github"
      },
      "original": {
        "owner": "NixOS",
        "repo": "flake-compat",
        "type": "github"
      }
    },
    "goodsync": {
      "inputs": {
        "nixpkgs": [
          "nixpkgs"
        ]
      },
      "locked": {
        "lastModified": 1790448007,
        "narHash": "sha256-kubscYEx/PJ3JfH4DusCkbQyUq/dlvi+Ysi1NGZAeyw=",
        "owner": "NAXLAB",
        "repo": "goodsync-flake",
        "rev": "2c26c845c69a265c192d4a0eae0a4d3ae9c29a38",
        "type": "github"
      },
      "original": {
        "owner": "NAXLAB",
        "repo": "goodsync-flake",
        "type": "github"
      }
    },
    "home-manager": {
      "inputs": {
        "nixpkgs": [
          "nixpkgs"
        ]
      },
      "locked": {
        "lastModified": 1790989254,
        "narHash": "sha256-ZN+riaeFuE+DZ5zfqJiXlM12jLwZzeIXiNkU1YeHMXI=",
        "owner": "nix-community",
        "repo": "home-manager",
        "rev": "acd21c5a3420a9d5fd0ed06299b10828267ef9ba",
        "type": "github"
      },
      "original": {
        "owner": "nix-community",
        "repo": "home-manager",
        "type": "github"
      }
    },
    "musnix": {
      "inputs": {
        "nixpkgs": [
          "nixpkgs"
        ]
      },
      "locked": {
        "lastModified": 1777848538,
        "narHash": "sha256-Dj51C0NWsglqRrCpdmMr2nFiYacFOid1Tor4H9yG2HY=",
        "owner": "musnix",
        "repo": "musnix",
        "rev": "8548782f0d1d0928daa3fffde8a008f72219a3f3",
        "type": "github"
      },
      "original": {
        "owner": "musnix",
        "repo": "musnix",
        "type": "github"
      }
    },
    "nix-flatpak": {
      "locked": {
        "lastModified": 1767983141,
        "narHash": "sha256-7ZCulYUD9RmJIDULTRkGLSW1faMpDlPKcbWJLYHoXcs=",
        "owner": "gmodena",
        "repo": "nix-flatpak",
        "rev": "440818969ac2cbd77bfe025e884d0aa528991374",
        "type": "github"
      },
      "original": {
        "owner": "gmodena",
        "ref": "latest",
        "repo": "nix-flatpak",
        "type": "github"
      }
    },
    "nixpkgs": {
      "locked": {
        "lastModified": 1790822859,
        "narHash": "sha256-69xHQhAeMAD2wDXO7T2pcOZIF9Sga2W+JkmY2a11Ops=",
        "owner": "nixos",
        "repo": "nixpkgs",
        "rev": "c59305bab2065cfecc4944690d9eedbb56f3a9fa",
        "type": "github"
      },
      "original": {
        "owner": "nixos",
        "ref": "nixos-unstable",
        "repo": "nixpkgs",
        "type": "github"
      }
    },
    "quickshell": {
      "inputs": {
        "nixpkgs": [
          "nixpkgs"
        ]
      },
      "locked": {
        "lastModified": 1791027806,
        "narHash": "sha256-uPP+R90C7CagG4H9ibYaC0kYLu7lzC/5I6g+yFMuyu8=",
        "ref": "refs/heads/master",
        "rev": "5d5d49873fe8cf1f99ddfd5006ceb2057c5c9b13",
        "revCount": 865,
        "type": "git",
        "url": "https://git.outfoxxed.me/quickshell/quickshell/"
      },
      "original": {
        "type": "git",
        "url": "https://git.outfoxxed.me/quickshell/quickshell/"
      }
    },
    "root": {
      "inputs": {
        "agenix": "agenix",
        "dms": "dms",
        "dms-plugin-registry": "dms-plugin-registry",
        "figma-desktop": "figma-desktop",
        "goodsync": "goodsync",
        "home-manager": "home-manager",
        "musnix": "musnix",
        "nix-flatpak": "nix-flatpak",
        "nixpkgs": "nixpkgs",
        "quickshell": "quickshell"
      }
    }
  },
  "root": "root",
  "version": 7
}
